
Microsoft Visual Studio Solution File, Format Version 12.00
# Visual Studio Version 17
VisualStudioVersion = 17.5.33627.172
MinimumVisualStudioVersion = 10.0.40219.1
Project("{2150E333-8FDC-42A3-9474-1A3956D46DE8}") = "Services", "Services", "{3FE41B5A-DB45-4759-BDD5-B9ECDC5150F2}"
EndProject
Project("{2150E333-8FDC-42A3-9474-1A3956D46DE8}") = "FrontEnd", "FrontEnd", "{007716B6-D38A-47E9-83B3-07F6C48A556A}"
EndProject
Project("{9A19103F-16F7-4668-BE54-9A1E7A4F7556}") = "StormShop.API", "StormShop.API\StormShop.API.csproj", "{3E2F4D1D-79AB-4B88-A2B5-88555225E683}"
EndProject
Project("{FAE04EC0-301F-11D3-BF4B-00C04F79EFBC}") = "StormShop.Web", "StormShop.Web\StormShop.Web.csproj", "{B3BDAA0F-2849-4D23-9F8F-06B4E788575A}"
EndProject
Global
	GlobalSection(SolutionConfigurationPlatforms) = preSolution
		Debug|Any CPU = Debug|Any CPU
		Release|Any CPU = Release|Any CPU
	EndGlobalSection
	GlobalSection(ProjectConfigurationPlatforms) = postSolution
		{3E2F4D1D-79AB-4B88-A2B5-88555225E683}.Debug|Any CPU.ActiveCfg = Debug|Any CPU
		{3E2F4D1D-79AB-4B88-A2B5-88555225E683}.Debug|Any CPU.Build.0 = Debug|Any CPU
		{3E2F4D1D-79AB-4B88-A2B5-88555225E683}.Release|Any CPU.ActiveCfg = Release|Any CPU
		{3E2F4D1D-79AB-4B88-A2B5-88555225E683}.Release|Any CPU.Build.0 = Release|Any CPU
		{B3BDAA0F-2849-4D23-9F8F-06B4E788575A}.Debug|Any CPU.ActiveCfg = Debug|Any CPU
		{B3BDAA0F-2849-4D23-9F8F-06B4E788575A}.Debug|Any CPU.Build.0 = Debug|Any CPU
		{B3BDAA0F-2849-4D23-9F8F-06B4E788575A}.Release|Any CPU.ActiveCfg = Release|Any CPU
		{B3BDAA0F-2849-4D23-9F8F-06B4E788575A}.Release|Any CPU.Build.0 = Release|Any CPU
	EndGlobalSection
	GlobalSection(SolutionProperties) = preSolution
		HideSolutionNode = FALSE
	EndGlobalSection
	GlobalSection(NestedProjects) = preSolution
		{3E2F4D1D-79AB-4B88-A2B5-88555225E683} = {3FE41B5A-DB45-4759-BDD5-B9ECDC5150F2}
		{B3BDAA0F-2849-4D23-9F8F-06B4E788575A} = {007716B6-D38A-47E9-83B3-07F6C48A556A}
	EndGlobalSection
	GlobalSection(ExtensibilityGlobals) = postSolution
		SolutionGuid = {20DBE831-F426-42DB-BF0B-746B9A120F57}
	EndGlobalSection
EndGlobal
